{
  "name": "example_1",
  "version": "1.0.0",
  "lockfileVersion": 2,
  "requires": true,
  "packages": {
    "": {
      "name": "example_1",
      "version": "1.0.0",
      "license": "ISC",
      "dependencies": {
        "crypto-hash": "^3.1.0"
      }
    },
    "node_modules/crypto-hash": {
      "version": "3.1.0",
      "resolved": "https://registry.npmjs.org/crypto-hash/-/crypto-hash-3.1.0.tgz",
      "integrity": "sha512-HR8JlZ+Dn54Lc5gGWZJxJitWbOCUzWb9/AlyONGecBnYZ+n/ONvt0gQnEzDNpJMYeRrYO7KogQ4qwyTPKnWKEw==",
      "engines": {
        "node": ">=18"
      },
      "funding": {
        "url": "https://github.com/sponsors/sindresorhus"
      }
    }
  },
  "dependencies": {
    "crypto-hash": {
      "version": "3.1.0",
      "resolved": "https://registry.npmjs.org/crypto-hash/-/crypto-hash-3.1.0.tgz",
      "integrity": "sha512-HR8JlZ+Dn54Lc5gGWZJxJitWbOCUzWb9/AlyONGecBnYZ+n/ONvt0gQnEzDNpJMYeRrYO7KogQ4qwyTPKnWKEw=="
    }
  }
}
